
Microsoft Visual Studio Solution File, Format Version 12.00
# Visual Studio Version 17
VisualStudioVersion = 17.7.34024.191
MinimumVisualStudioVersion = 10.0.40219.1
Project("{FAE04EC0-301F-11D3-BF4B-00C04F79EFBC}") = "PetPass", "PetPass\PetPass.csproj", "{E8BE3740-36FC-403A-A67C-F91AA4A67919}"
EndProject
Global
	GlobalSection(SolutionConfigurationPlatforms) = preSolution
		Debug|Any CPU = Debug|Any CPU
		Release|Any CPU = Release|Any CPU
	EndGlobalSection
	GlobalSection(ProjectConfigurationPlatforms) = postSolution
		{E8BE3740-36FC-403A-A67C-F91AA4A67919}.Debug|Any CPU.ActiveCfg = Debug|Any CPU
		{E8BE3740-36FC-403A-A67C-F91AA4A67919}.Debug|Any CPU.Build.0 = Debug|Any CPU
		{E8BE3740-36FC-403A-A67C-F91AA4A67919}.Debug|Any CPU.Deploy.0 = Debug|Any CPU
		{E8BE3740-36FC-403A-A67C-F91AA4A67919}.Release|Any CPU.ActiveCfg = Release|Any CPU
		{E8BE3740-36FC-403A-A67C-F91AA4A67919}.Release|Any CPU.Build.0 = Release|Any CPU
		{E8BE3740-36FC-403A-A67C-F91AA4A67919}.Release|Any CPU.Deploy.0 = Release|Any CPU
	EndGlobalSection
	GlobalSection(SolutionProperties) = preSolution
		HideSolutionNode = FALSE
	EndGlobalSection
	GlobalSection(ExtensibilityGlobals) = postSolution
		SolutionGuid = {35007CE1-61EF-45EC-BB1A-D645B91CCD7D}
	EndGlobalSection
EndGlobal
